// !$*UTF8*$!
{
	archiveVersion = 1;
	classes = {
	};
	objectVersion = 50;
	objects = {

/* Begin PBXBuildFile section */
		818ACF5A21D3007800138683 /* AppDelegate.m in Sources */ = {isa = PBXBuildFile; fileRef = 818ACF5921D3007800138683 /* AppDelegate.m */; };
		818ACF5D21D3007800138683 /* ViewController.m in Sources */ = {isa = PBXBuildFile; fileRef = 818ACF5C21D3007800138683 /* ViewController.m */; };
		818ACF6021D3007800138683 /* Main.storyboard in Resources */ = {isa = PBXBuildFile; fileRef = 818ACF5E21D3007800138683 /* Main.storyboard */; };
		818ACF6221D3007B00138683 /* Assets.xcassets in Resources */ = {isa = PBXBuildFile; fileRef = 818ACF6121D3007B00138683 /* Assets.xcassets */; };
		818ACF6521D3007B00138683 /* LaunchScreen.storyboard in Resources */ = {isa = PBXBuildFile; fileRef = 818ACF6321D3007B00138683 /* LaunchScreen.storyboard */; };
		818ACF6821D3007B00138683 /* main.m in Sources */ = {isa = PBXBuildFile; fileRef = 818ACF6721D3007B00138683 /* main.m */; };
/* End PBXBuildFile section */

/* Begin PBXFileReference section */
		818ACF5521D3007800138683 /* indoormap.app */ = {isa = PBXFileReference; explicitFileType = wrapper.application; includeInIndex = 0; path = indoormap.app; sourceTree = BUILT_PRODUCTS_DIR; };
		818ACF5821D3007800138683 /* AppDelegate.h */ = {isa = PBXFileReference; lastKnownFileType = sourcecode.c.h; path = AppDelegate.h; sourceTree = "<group>"; };
		818ACF5921D3007800138683 /* AppDelegate.m */ = {isa = PBXFileReference; lastKnownFileType = sourcecode.c.objc; path = AppDelegate.m; sourceTree = "<group>"; };
		818ACF5B21D3007800138683 /* ViewController.h */ = {isa = PBXFileReference; lastKnownFileType = sourcecode.c.h; path = ViewController.h; sourceTree = "<group>"; };
		818ACF5C21D3007800138683 /* ViewController.m */ = {isa = PBXFileReference; lastKnownFileType = sourcecode.c.objc; path = ViewController.m; sourceTree = "<group>"; };
		818ACF5F21D3007800138683 /* Base */ = {isa = PBXFileReference; lastKnownFileType = file.storyboard; name = Base; path = Base.lproj/Main.storyboard; sourceTree = "<group>"; };
		818ACF6121D3007B00138683 /* Assets.xcassets */ = {isa = PBXFileReference; lastKnownFileType = folder.assetcatalog; path = Assets.xcassets; sourceTree = "<group>"; };
		818ACF6421D3007B00138683 /* Base */ = {isa = PBXFileReference; lastKnownFileType = file.storyboard; name = Base; path = Base.lproj/LaunchScreen.storyboard; sourceTree = "<group>"; };
		818ACF6621D3007B00138683 /* Info.plist */ = {isa = PBXFileReference; lastKnownFileType = text.plist.xml; path = Info.plist; sourceTree = "<group>"; };
		818ACF6721D3007B00138683 /* main.m */ = {isa = PBXFileReference; lastKnownFileType = sourcecode.c.objc; path = main.m; sourceTree = "<group>"; };
/* End PBXFileReference section */

/* Begin PBXFrameworksBuildPhase section */
		818ACF5221D3007800138683 /* Frameworks */ = {
			isa = PBXFrameworksBuildPhase;
			buildActionMask = 2147483647;
			files = (
			);
			runOnlyForDeploymentPostprocessing = 0;
		};
/* End PBXFrameworksBuildPhase section */

/* Begin PBXGroup section */
		818ACF4C21D3007800138683 = {
			isa = PBXGroup;
			children = (
				818ACF5721D3007800138683 /* indoormap */,
				818ACF5621D3007800138683 /* Products */,
			);
			sourceTree = "<group>";
		};
		818ACF5621D3007800138683 /* Products */ = {
			isa = PBXGroup;
			children = (
				818ACF5521D3007800138683 /* indoormap.app */,
			);
			name = Products;
			sourceTree = "<group>";
		};
		818ACF5721D3007800138683 /* indoormap */ = {
			isa = PBXGroup;
			children = (
				818ACF5821D3007800138683 /* AppDelegate.h */,
				818ACF5921D3007800138683 /* AppDelegate.m */,
				818ACF5B21D3007800138683 /* ViewController.h */,
				818ACF5C21D3007800138683 /* ViewController.m */,
				818ACF5E21D3007800138683 /* Main.storyboard */,
				818ACF6121D3007B00138683 /* Assets.xcassets */,
				818ACF6321D3007B00138683 /* LaunchScreen.storyboard */,
				818ACF6621D3007B00138683 /* Info.plist */,
				818ACF6721D3007B00138683 /* main.m */,
			);
			path = indoormap;
			sourceTree = "<group>";
		};
/* End PBXGroup section */

/* Begin PBXNativeTarget section */
		818ACF5421D3007800138683 /* indoormap */ = {
			isa = PBXNativeTarget;
			buildConfigurationList = 818ACF6B21D3007B00138683 /* Build configuration list for PBXNativeTarget "indoormap" */;
			buildPhases = (
				818ACF5121D3007800138683 /* Sources */,
				818ACF5221D3007800138683 /* Frameworks */,
				818ACF5321D3007800138683 /* Resources */,
			);
			buildRules = (
			);
			dependencies = (
			);
			name = indoormap;
			productName = indoormap;
			productReference = 818ACF5521D3007800138683 /* indoormap.app */;
			productType = "com.apple.product-type.application";
		};
/* End PBXNativeTarget section */

/* Begin PBXProject section */
		818ACF4D21D3007800138683 /* Project object */ = {
			isa = PBXProject;
			attributes = {
				LastUpgradeCheck = 1010;
				ORGANIZATIONNAME = chenxiaosong;
				TargetAttributes = {
					818ACF5421D3007800138683 = {
						CreatedOnToolsVersion = 10.1;
					};
				};
			};
			buildConfigurationList = 818ACF5021D3007800138683 /* Build configuration list for PBXProject "indoormap" */;
			compatibilityVersion = "Xcode 9.3";
			developmentRegion = en;
			hasScannedForEncodings = 0;
			knownRegions = (
				en,
				Base,
			);
			mainGroup = 818ACF4C21D3007800138683;
			productRefGroup = 818ACF5621D3007800138683 /* Products */;
			projectDirPath = "";
			projectRoot = "";
			targets = (
				818ACF5421D3007800138683 /* indoormap */,
			);
		};
/* End PBXProject section */

/* Begin PBXResourcesBuildPhase section */
		818ACF5321D3007800138683 /* Resources */ = {
			isa = PBXResourcesBuildPhase;
			buildActionMask = 2147483647;
			files = (
				818ACF6521D3007B00138683 /* LaunchScreen.storyboard in Resources */,
				818ACF6221D3007B00138683 /* Assets.xcassets in Resources */,
				818ACF6021D3007800138683 /* Main.storyboard in Resources */,
			);
			runOnlyForDeploymentPostprocessing = 0;
		};
/* End PBXResourcesBuildPhase section */

/* Begin PBXSourcesBuildPhase section */
		818ACF5121D3007800138683 /* Sources */ = {
			isa = PBXSourcesBuildPhase;
			buildActionMask = 2147483647;
			files = (
				818ACF5D21D3007800138683 /* ViewController.m in Sources */,
				818ACF6821D3007B00138683 /* main.m in Sources */,
				818ACF5A21D3007800138683 /* AppDelegate.m in Sources */,
			);
			runOnlyForDeploymentPostprocessing = 0;
		};
/* End PBXSourcesBuildPhase section */

/* Begin PBXVariantGroup section */
		818ACF5E21D3007800138683 /* Main.storyboard */ = {
			isa = PBXVariantGroup;
			children = (
				818ACF5F21D3007800138683 /* Base */,
			);
			name = Main.storyboard;
			sourceTree = "<group>";
		};
		818ACF6321D3007B00138683 /* LaunchScreen.storyboard */ = {
			isa = PBXVariantGroup;
			children = (
				818ACF6421D3007B00138683 /* Base */,
			);
			name = LaunchScreen.storyboard;
			sourceTree = "<group>";
		};
/* End PBXVariantGroup section */

/* Begin XCBuildConfiguration section */
		818ACF6921D3007B00138683 /* Debug */ = {
			isa = XCBuildConfiguration;
			buildSettings = {
				ALWAYS_SEARCH_USER_PATHS = NO;
				CLANG_ANALYZER_NONNULL = YES;
				CLANG_ANALYZER_NUMBER_OBJECT_CONVERSION = YES_AGGRESSIVE;
				CLANG_CXX_LANGUAGE_STANDARD = "gnu++14";
				CLANG_CXX_LIBRARY = "libc++";
				CLANG_ENABLE_MODULES = YES;
				CLANG_ENABLE_OBJC_ARC = YES;
				CLANG_ENABLE_OBJC_WEAK = YES;
				CLANG_WARN_BLOCK_CAPTURE_AUTORELEASING = YES;
				CLANG_WARN_BOOL_CONVERSION = YES;
				CLANG_WARN_COMMA = YES;
				CLANG_WARN_CONSTANT_CONVERSION = YES;
				CLANG_WARN_DEPRECATED_OBJC_IMPLEMENTATIONS = YES;
				CLANG_WARN_DIRECT_OBJC_ISA_USAGE = YES_ERROR;
				CLANG_WARN_DOCUMENTATION_COMMENTS = YES;
				CLANG_WARN_EMPTY_BODY = YES;
				CLANG_WARN_ENUM_CONVERSION = YES;
				CLANG_WARN_INFINITE_RECURSION = YES;
				CLANG_WARN_INT_CONVERSION = YES;
				CLANG_WARN_NON_LITERAL_NULL_CONVERSION = YES;
				CLANG_WARN_OBJC_IMPLICIT_RETAIN_SELF = YES;
				CLANG_WARN_OBJC_LITERAL_CONVERSION = YES;
				CLANG_WARN_OBJC_ROOT_CLASS = YES_ERROR;
				CLANG_WARN_RANGE_LOOP_ANALYSIS = YES;
				CLANG_WARN_STRICT_PROTOTYPES = YES;
				CLANG_WARN_SUSPICIOUS_MOVE = YES;
				CLANG_WARN_UNGUARDED_AVAILABILITY = YES_AGGRESSIVE;
				CLANG_WARN_UNREACHABLE_CODE = YES;
				CLANG_WARN__DUPLICATE_METHOD_MATCH = YES;
				CODE_SIGN_IDENTITY = "iPhone Developer";
				COPY_PHASE_STRIP = NO;
				DEBUG_INFORMATION_FORMAT = dwarf;
				ENABLE_STRICT_OBJC_MSGSEND = YES;
				ENABLE_TESTABILITY = YES;
				GCC_C_LANGUAGE_STANDARD = gnu11;
				GCC_DYNAMIC_NO_PIC = NO;
				GCC_NO_COMMON_BLOCKS = YES;
				GCC_OPTIMIZATION_LEVEL = 0;
				GCC_PREPROCESSOR_DEFINITIONS = (
					"DEBUG=1",
					"$(inherited)",
				);
				GCC_WARN_64_TO_32_BIT_CONVERSION = YES;
				GCC_WARN_ABOUT_RETURN_TYPE = YES_ERROR;
				GCC_WARN_UNDECLARED_SELECTOR = YES;
				GCC_WARN_UNINITIALIZED_AUTOS = YES_AGGRESSIVE;
				GCC_WARN_UNUSED_FUNCTION = YES;
				GCC_WARN_UNUSED_VARIABLE = YES;
				IPHONEOS_DEPLOYMENT_TARGET = 12.1;
				MTL_ENABLE_DEBUG_INFO = INCLUDE_SOURCE;
				MTL_FAST_MATH = YES;
				ONLY_ACTIVE_ARCH = YES;
				SDKROOT = iphoneos;
			};
			name = Debug;
		};
		818ACF6A21D3007B00138683 /* Release */ = {
			isa = XCBuildConfiguration;
			buildSettings = {
				ALWAYS_SEARCH_USER_PATHS = NO;
				CLANG_ANALYZER_NONNULL = YES;
				CLANG_ANALYZER_NUMBER_OBJECT_CONVERSION = YES_AGGRESSIVE;
				CLANG_CXX_LANGUAGE_STANDARD = "gnu++14";
				CLANG_CXX_LIBRARY = "libc++";
				CLANG_ENABLE_MODULES = YES;
				CLANG_ENABLE_OBJC_ARC = YES;
				CLANG_ENABLE_OBJC_WEAK = YES;
				CLANG_WARN_BLOCK_CAPTURE_AUTORELEASING = YES;
				CLANG_WARN_BOOL_CONVERSION = YES;
				CLANG_WARN_COMMA = YES;
				CLANG_WARN_CONSTANT_CONVERSION = YES;
				CLANG_WARN_DEPRECATED_OBJC_IMPLEMENTATIONS = YES;
				CLANG_WARN_DIRECT_OBJC_ISA_USAGE = YES_ERROR;
				CLANG_WARN_DOCUMENTATION_COMMENTS = YES;
				CLANG_WARN_EMPTY_BODY = YES;
				CLANG_WARN_ENUM_CONVERSION = YES;
				CLANG_WARN_INFINITE_RECURSION = YES;
				CLANG_WARN_INT_CONVERSION = YES;
				CLANG_WARN_NON_LITERAL_NULL_CONVERSION = YES;
				CLANG_WARN_OBJC_IMPLICIT_RETAIN_SELF = YES;
				CLANG_WARN_OBJC_LITERAL_CONVERSION = YES;
				CLANG_WARN_OBJC_ROOT_CLASS = YES_ERROR;
				CLANG_WARN_RANGE_LOOP_ANALYSIS = YES;
				CLANG_WARN_STRICT_PROTOTYPES = YES;
				CLANG_WARN_SUSPICIOUS_MOVE = YES;
				CLANG_WARN_UNGUARDED_AVAILABILITY = YES_AGGRESSIVE;
				CLANG_WARN_UNREACHABLE_CODE = YES;
				CLANG_WARN__DUPLICATE_METHOD_MATCH = YES;
				CODE_SIGN_IDENTITY = "iPhone Developer";
				COPY_PHASE_STRIP = NO;
				DEBUG_INFORMATION_FORMAT = "dwarf-with-dsym";
				ENABLE_NS_ASSERTIONS = NO;
				ENABLE_STRICT_OBJC_MSGSEND = YES;
				GCC_C_LANGUAGE_STANDARD = gnu11;
				GCC_NO_COMMON_BLOCKS = YES;
				GCC_WARN_64_TO_32_BIT_CONVERSION = YES;
				GCC_WARN_ABOUT_RETURN_TYPE = YES_ERROR;
				GCC_WARN_UNDECLARED_SELECTOR = YES;
				GCC_WARN_UNINITIALIZED_AUTOS = YES_AGGRESSIVE;
				GCC_WARN_UNUSED_FUNCTION = YES;
				GCC_WARN_UNUSED_VARIABLE = YES;
				IPHONEOS_DEPLOYMENT_TARGET = 12.1;
				MTL_ENABLE_DEBUG_INFO = NO;
				MTL_FAST_MATH = YES;
				SDKROOT = iphoneos;
				VALIDATE_PRODUCT = YES;
			};
			name = Release;
		};
		818ACF6C21D3007B00138683 /* Debug */ = {
			isa = XCBuildConfiguration;
			buildSettings = {
				ASSETCATALOG_COMPILER_APPICON_NAME = AppIcon;
				CODE_SIGN_STYLE = Automatic;
				DEVELOPMENT_TEAM = 28Z3NQ8CYP;
				INFOPLIST_FILE = indoormap/Info.plist;
				LD_RUNPATH_SEARCH_PATHS = (
					"$(inherited)",
					"@executable_path/Frameworks",
				);
				PRODUCT_BUNDLE_IDENTIFIER = com.zhitian.indoormap;
				PRODUCT_NAME = "$(TARGET_NAME)";
				TARGETED_DEVICE_FAMILY = "1,2";
			};
			name = Debug;
		};
		818ACF6D21D3007B00138683 /* Release */ = {
			isa = XCBuildConfiguration;
			buildSettings = {
				ASSETCATALOG_COMPILER_APPICON_NAME = AppIcon;
				CODE_SIGN_STYLE = Automatic;
				DEVELOPMENT_TEAM = 28Z3NQ8CYP;
				INFOPLIST_FILE = indoormap/Info.plist;
				LD_RUNPATH_SEARCH_PATHS = (
					"$(inherited)",
					"@executable_path/Frameworks",
				);
				PRODUCT_BUNDLE_IDENTIFIER = com.zhitian.indoormap;
				PRODUCT_NAME = "$(TARGET_NAME)";
				TARGETED_DEVICE_FAMILY = "1,2";
			};
			name = Release;
		};
/* End XCBuildConfiguration section */

/* Begin XCConfigurationList section */
		818ACF5021D3007800138683 /* Build configuration list for PBXProject "indoormap" */ = {
			isa = XCConfigurationList;
			buildConfigurations = (
				818ACF6921D3007B00138683 /* Debug */,
				818ACF6A21D3007B00138683 /* Release */,
			);
			defaultConfigurationIsVisible = 0;
			defaultConfigurationName = Release;
		};
		818ACF6B21D3007B00138683 /* Build configuration list for PBXNativeTarget "indoormap" */ = {
			isa = XCConfigurationList;
			buildConfigurations = (
				818ACF6C21D3007B00138683 /* Debug */,
				818ACF6D21D3007B00138683 /* Release */,
			);
			defaultConfigurationIsVisible = 0;
			defaultConfigurationName = Release;
		};
/* End XCConfigurationList section */
	};
	rootObject = 818ACF4D21D3007800138683 /* Project object */;
}
